
Microsoft Visual Studio Solution File, Format Version 12.00
# Visual Studio Version 17
VisualStudioVersion = 17.10.35027.167
MinimumVisualStudioVersion = 10.0.40219.1
Project("{2150E333-8FDC-42A3-9474-1A3956D46DE8}") = "FrontEnd", "FrontEnd", "{204268F9-B6CB-4886-A9A8-ABA90A4AFC74}"
EndProject
Project("{2150E333-8FDC-42A3-9474-1A3956D46DE8}") = "GateWay", "GateWay", "{D303EA42-FDA0-42A7-A12E-ED57E1BC0221}"
EndProject
Project("{2150E333-8FDC-42A3-9474-1A3956D46DE8}") = "Integration", "Integration", "{7D24870C-9176-4CB1-92AA-D33000E0503C}"
EndProject
Project("{2150E333-8FDC-42A3-9474-1A3956D46DE8}") = "Services", "Services", "{0AC2CB0F-6FBD-4980-A1FB-47329AFD2BBA}"
EndProject
Global
	GlobalSection(SolutionProperties) = preSolution
		HideSolutionNode = FALSE
	EndGlobalSection
	GlobalSection(ExtensibilityGlobals) = postSolution
		SolutionGuid = {4A3A7594-1FAC-4E84-AAFB-790684510615}
	EndGlobalSection
EndGlobal
