
Microsoft Visual Studio Solution File, Format Version 12.00
# Visual Studio Version 17
VisualStudioVersion = 17.10.35027.167
MinimumVisualStudioVersion = 10.0.40219.1
Project("{2150E333-8FDC-42A3-9474-1A3956D46DE8}") = "FrontEnd", "FrontEnd", "{204268F9-B6CB-4886-A9A8-ABA90A4AFC74}"
EndProject
Project("{2150E333-8FDC-42A3-9474-1A3956D46DE8}") = "GateWay", "GateWay", "{D303EA42-FDA0-42A7-A12E-ED57E1BC0221}"
EndProject
Project("{2150E333-8FDC-42A3-9474-1A3956D46DE8}") = "Integration", "Integration", "{7D24870C-9176-4CB1-92AA-D33000E0503C}"
EndProject
Project("{2150E333-8FDC-42A3-9474-1A3956D46DE8}") = "Services", "Services", "{011C6FC9-C143-4144-87CF-B907595E39B1}"
EndProject
Project("{9A19103F-16F7-4668-BE54-9A1E7A4F7556}") = "Mango.Services.CouponAPI", "Mango.Services.CouponAPI\Mango.Services.CouponAPI.csproj", "{5CE158F8-7D3D-484B-B1C3-B2696A5E3590}"
EndProject
Project("{FAE04EC0-301F-11D3-BF4B-00C04F79EFBC}") = "Mango.Web", "Mango.Web\Mango.Web.csproj", "{CF8D27DC-8490-47B7-843F-86A9F2A63331}"
EndProject
Global
	GlobalSection(SolutionConfigurationPlatforms) = preSolution
		Debug|Any CPU = Debug|Any CPU
		Release|Any CPU = Release|Any CPU
	EndGlobalSection
	GlobalSection(ProjectConfigurationPlatforms) = postSolution
		{5CE158F8-7D3D-484B-B1C3-B2696A5E3590}.Debug|Any CPU.ActiveCfg = Debug|Any CPU
		{5CE158F8-7D3D-484B-B1C3-B2696A5E3590}.Debug|Any CPU.Build.0 = Debug|Any CPU
		{5CE158F8-7D3D-484B-B1C3-B2696A5E3590}.Release|Any CPU.ActiveCfg = Release|Any CPU
		{5CE158F8-7D3D-484B-B1C3-B2696A5E3590}.Release|Any CPU.Build.0 = Release|Any CPU
		{CF8D27DC-8490-47B7-843F-86A9F2A63331}.Debug|Any CPU.ActiveCfg = Debug|Any CPU
		{CF8D27DC-8490-47B7-843F-86A9F2A63331}.Debug|Any CPU.Build.0 = Debug|Any CPU
		{CF8D27DC-8490-47B7-843F-86A9F2A63331}.Release|Any CPU.ActiveCfg = Release|Any CPU
		{CF8D27DC-8490-47B7-843F-86A9F2A63331}.Release|Any CPU.Build.0 = Release|Any CPU
	EndGlobalSection
	GlobalSection(SolutionProperties) = preSolution
		HideSolutionNode = FALSE
	EndGlobalSection
	GlobalSection(NestedProjects) = preSolution
		{5CE158F8-7D3D-484B-B1C3-B2696A5E3590} = {011C6FC9-C143-4144-87CF-B907595E39B1}
		{CF8D27DC-8490-47B7-843F-86A9F2A63331} = {204268F9-B6CB-4886-A9A8-ABA90A4AFC74}
	EndGlobalSection
	GlobalSection(ExtensibilityGlobals) = postSolution
		SolutionGuid = {4A3A7594-1FAC-4E84-AAFB-790684510615}
	EndGlobalSection
EndGlobal
